{
  "version": 4,
  "terraform_version": "1.9.8",
  "serial": 24,
  "lineage": "227f1883-e613-626d-6175-c5d6b615b841",
  "outputs": {},
  "resources": [
    {
      "mode": "managed",
      "type": "digitalocean_project",
      "name": "playground",
      "provider": "provider[\"registry.terraform.io/digitalocean/digitalocean\"]",
      "instances": [
        {
          "schema_version": 0,
          "attributes": {
            "created_at": "2024-11-17T14:40:36Z",
            "description": "Project to play with DigitalOcean infrastructure",
            "environment": "Development",
            "id": "c56dee86-df4b-4719-88f1-624c4aa8efe0",
            "is_default": false,
            "name": "CV",
            "owner_id": 18338908,
            "owner_uuid": "068d85c7-13ee-4edf-b29c-440338941827",
            "purpose": "Web Application",
            "resources": [],
            "timeouts": null,
            "updated_at": "2024-11-17T14:40:36Z"
          },
          "sensitive_attributes": [],
          "private": "eyJlMmJmYjczMC1lY2FhLTExZTYtOGY4OC0zNDM2M2JjN2M0YzAiOnsiZGVsZXRlIjoxODAwMDAwMDAwMDB9fQ=="
        }
      ]
    },
    {
      "mode": "managed",
      "type": "digitalocean_ssh_key",
      "name": "default",
      "provider": "provider[\"registry.terraform.io/digitalocean/digitalocean\"]",
      "instances": [
        {
          "schema_version": 0,
          "attributes": {
            "fingerprint": "01:c8:d6:34:06:8d:9b:b8:66:a2:bd:87:cc:61:8d:02",
            "id": "44107510",
            "name": "Thinkpad ssh key",
            "public_key": "ssh-rsa AAAAB3NzaC1yc2EAAAADAQABAAABgQDfcIv/4ZPRm6UREqSSrQ4dVQEyqbPqS0KX4TAUocV8bETbyPcRuJgcqcoXxjBHhnpdpVP08/0bHh775SyA4YJVSp0VUGrvVm2j7WYowpK4XEqeJEcEKNL1V4zJwy47Hv0dU23DrT17lUOV3tGkb0EXVx1d4aHiHPxUmcSGAkFMfwPP+GXvXYCBMNO0cFw6Nx/gwd5laog5ig8SI6sp16uoA+rd49/eTbPhrlLevOmATOQMz2ALgeLiHIuAkCDlnUN8dCqCcikqRR7fwN1MuHDYgYMS5DWU2S9IPqnk/KTtXdmFP0oLALtsP7w38N7h6vavQheacVbOHdbUQliAN53xDegjymGRBE6cRfium7rQxGpgYclrg9478JKUVJXzaWJazN4U5u3YOTMfNXHaO+l14CONSNNhuXoTAF+xCqKA5dA9JU2ID+tkK3DLqLCVAbdUVqJZGqIe1o8++CBpi+D1BboqTy1au5M7d90YCRAl50J/Ymdk1geuTFrz0WYkk78= aspu@ThinkPad\n",
            "timeouts": null
          },
          "sensitive_attributes": [],
          "private": "eyJlMmJmYjczMC1lY2FhLTExZTYtOGY4OC0zNDM2M2JjN2M0YzAiOnsiY3JlYXRlIjoxMjAwMDAwMDAwMDB9fQ=="
        }
      ]
    }
  ],
  "check_results": null
}
