{
  "version": 4,
  "terraform_version": "1.9.8",
  "serial": 24,
  "lineage": "8db40d22-519f-f8eb-1ac8-937afe274871",
  "outputs": {
    "droplets": {
      "value": "46.101.110.76",
      "type": "string"
    }
  },
  "resources": [
    {
      "mode": "managed",
      "type": "digitalocean_droplet",
      "name": "droplet",
      "provider": "provider[\"registry.terraform.io/digitalocean/digitalocean\"]",
      "instances": [
        {
          "schema_version": 1,
          "attributes": {
            "backups": false,
            "created_at": "2024-11-17T17:14:36Z",
            "disk": 10,
            "droplet_agent": null,
            "graceful_shutdown": false,
            "id": "458313322",
            "image": "ubuntu-24-04-x64",
            "ipv4_address": "46.101.110.76",
            "ipv4_address_private": "10.114.0.2",
            "ipv6": false,
            "ipv6_address": "",
            "locked": false,
            "memory": 512,
            "monitoring": false,
            "name": "droplet-1",
            "price_hourly": 0.00595,
            "price_monthly": 4,
            "private_networking": true,
            "region": "fra1",
            "resize_disk": true,
            "size": "s-1vcpu-512mb-10gb",
            "ssh_keys": [
              "a4:a4:3f:47:f3:d9:f1:ce:94:98:8f:31:f3:10:7d:01"
            ],
            "status": "active",
            "tags": [],
            "timeouts": null,
            "urn": "do:droplet:458313322",
            "user_data": "56a65518008499229ca93110fb8bbc3ebf6846fe",
            "vcpus": 1,
            "volume_ids": [],
            "vpc_uuid": "c20ea1b1-b5e2-4951-9b4c-1c1d53734c82"
          },
          "sensitive_attributes": [],
          "private": "eyJlMmJmYjczMC1lY2FhLTExZTYtOGY4OC0zNDM2M2JjN2M0YzAiOnsiY3JlYXRlIjozNjAwMDAwMDAwMDAwLCJkZWxldGUiOjYwMDAwMDAwMDAwLCJ1cGRhdGUiOjM2MDAwMDAwMDAwMDB9LCJzY2hlbWFfdmVyc2lvbiI6IjEifQ==",
          "dependencies": [
            "digitalocean_ssh_key.sshKey"
          ]
        }
      ]
    },
    {
      "mode": "managed",
      "type": "digitalocean_ssh_key",
      "name": "sshKey",
      "provider": "provider[\"registry.terraform.io/digitalocean/digitalocean\"]",
      "instances": [
        {
          "schema_version": 0,
          "attributes": {
            "fingerprint": "a4:a4:3f:47:f3:d9:f1:ce:94:98:8f:31:f3:10:7d:01",
            "id": "44108212",
            "name": "Thinkpad ssh key",
            "public_key": "ssh-rsa AAAAB3NzaC1yc2EAAAADAQABAAABgQDLDzhe1vxV4SivUxptNC41Yc+ReJkCXjphkDsh2sO7CdjztZ6xUHgug/WHlTV/CBlrDIp8vTzl4eHiWBi+idxIehnzS134SuYxDu3eYxmytjdKA4Emd3Ab8D53ik9JlUBRa/2axnUownPiKddOJFibWM2rE9j6yCVTblo7hR1FfSvfonLSg8ZJM2tkLigvQQ1bvCA5aUdExPiz5sIIxRsENbY5tIRrbw0Dd2RrgQSPjH58WrhVol5fKnRyU56NXVgPMp7URlwRtw+wKzarMKKjwAcS4P92xvfxzgr23+xdh4SRurl7LYOQCGj/uOf1L3SQEqkcIi9Upah7bYVwD80UimCOQDVrSbDnlDR4hVrx05rZc0YgO2fKIj3Zw5mz4r2xnV4/quapmwU90zImmBmUGbg/NROJayfkM6gLRw5emhnpteAuvaWY4R8k2AjoLQMUQNDQYBAKbIOIj4xTyX/2QMukHD47nNWZAjkZz1RCAGrXvmZaYCpgvE9EiLxq4rs= aspu@ThinkPad\n",
            "timeouts": null
          },
          "sensitive_attributes": [],
          "private": "eyJlMmJmYjczMC1lY2FhLTExZTYtOGY4OC0zNDM2M2JjN2M0YzAiOnsiY3JlYXRlIjoxMjAwMDAwMDAwMDB9fQ=="
        }
      ]
    }
  ],
  "check_results": null
}
